
Microsoft Visual Studio Solution File, Format Version 12.00
# Visual Studio Version 17
VisualStudioVersion = 17.9.34723.18
MinimumVisualStudioVersion = 10.0.40219.1
Project("{FAE04EC0-301F-11D3-BF4B-00C04F79EFBC}") = "OderApi", "OderApi\OderApi.csproj", "{0812675C-0B9D-4432-B5CB-3FCF2303080F}"
EndProject
Global
	GlobalSection(SolutionConfigurationPlatforms) = preSolution
		Debug|Any CPU = Debug|Any CPU
		Release|Any CPU = Release|Any CPU
	EndGlobalSection
	GlobalSection(ProjectConfigurationPlatforms) = postSolution
		{0812675C-0B9D-4432-B5CB-3FCF2303080F}.Debug|Any CPU.ActiveCfg = Debug|Any CPU
		{0812675C-0B9D-4432-B5CB-3FCF2303080F}.Debug|Any CPU.Build.0 = Debug|Any CPU
		{0812675C-0B9D-4432-B5CB-3FCF2303080F}.Release|Any CPU.ActiveCfg = Release|Any CPU
		{0812675C-0B9D-4432-B5CB-3FCF2303080F}.Release|Any CPU.Build.0 = Release|Any CPU
	EndGlobalSection
	GlobalSection(SolutionProperties) = preSolution
		HideSolutionNode = FALSE
	EndGlobalSection
	GlobalSection(ExtensibilityGlobals) = postSolution
		SolutionGuid = {68115271-82D2-42DE-BB6A-5542573889E0}
	EndGlobalSection
EndGlobal
